<?xml version="1.0" encoding="utf-8"?>
<Project ToolsVersion="4.0" xmlns="http://schemas.microsoft.com/developer/msbuild/2003">
  <ItemGroup>
    <Filter Include="Core">
      <UniqueIdentifier>{4c4179e4-cd7f-433e-9d2c-5f1b7c474b1b}</UniqueIdentifier>
    </Filter>
    <Filter Include="Window">
      <UniqueIdentifier>{b9fcf7ce-9208-441a-9a00-89b264f114b6}</UniqueIdentifier>
    </Filter>
    <Filter Include="Graphics">
      <UniqueIdentifier>{84c4cce1-68d2-4c24-8fa9-6cb8258895d1}</UniqueIdentifier>
    </Filter>
    <Filter Include="Graphics\Internal">
      <UniqueIdentifier>{12fc6347-3b3a-4541-b523-c79f2704165c}</UniqueIdentifier>
    </Filter>
  </ItemGroup>
  <ItemGroup>
    <ClCompile Include="src\Engine\Window\Window.cpp">
      <Filter>Window</Filter>
    </ClCompile>
    <ClCompile Include="src\Engine\Core\GameCore.cpp">
      <Filter>Core</Filter>
    </ClCompile>
    <ClCompile Include="src\Engine\Core\EngineSystem.cpp">
      <Filter>Core</Filter>
    </ClCompile>
    <ClCompile Include="src\Engine\Graphics\GraphicsCommon.cpp">
      <Filter>Graphics</Filter>
    </ClCompile>
    <ClCompile Include="src\Engine\Graphics\Renderer.cpp">
      <Filter>Graphics</Filter>
    </ClCompile>
    <ClCompile Include="src\Engine\Graphics\RenderContext.cpp">
      <Filter>Graphics</Filter>
    </ClCompile>
    <ClCompile Include="src\Engine\Graphics\glad.c">
      <Filter>Graphics</Filter>
    </ClCompile>
    <ClCompile Include="src\Engine\Graphics\GpuBuffer.cpp">
      <Filter>Graphics</Filter>
    </ClCompile>
    <ClCompile Include="src\Engine\Graphics\Shader.cpp">
      <Filter>Graphics</Filter>
    </ClCompile>
    <ClCompile Include="src\Engine\Core\FileUtils.cpp">
      <Filter>Core</Filter>
    </ClCompile>
  </ItemGroup>
  <ItemGroup>
    <ClInclude Include="src\Engine\Window\Window.hpp">
      <Filter>Window</Filter>
    </ClInclude>
    <ClInclude Include="src\Engine\Core\EngineSystem.hpp">
      <Filter>Core</Filter>
    </ClInclude>
    <ClInclude Include="src\Engine\Core\GameCore.hpp">
      <Filter>Core</Filter>
    </ClInclude>
    <ClInclude Include="src\Engine\Core\EngineConfig.h">
      <Filter>Core</Filter>
    </ClInclude>
    <ClInclude Include="src\Engine\Core\EngineCommon.hpp">
      <Filter>Core</Filter>
    </ClInclude>
    <ClInclude Include="src\Engine\Graphics\GraphicsCommon.hpp">
      <Filter>Graphics</Filter>
    </ClInclude>
    <ClInclude Include="src\Engine\Graphics\Renderer.hpp">
      <Filter>Graphics</Filter>
    </ClInclude>
    <ClInclude Include="src\Engine\Graphics\RenderContext.hpp">
      <Filter>Graphics</Filter>
    </ClInclude>
    <ClInclude Include="src\Engine\Graphics\InternalGL.hpp">
      <Filter>Graphics\Internal</Filter>
    </ClInclude>
    <ClInclude Include="src\Engine\Graphics\InternalDX11.hpp">
      <Filter>Graphics\Internal</Filter>
    </ClInclude>
    <ClInclude Include="src\Engine\Graphics\InternalDX12.hpp">
      <Filter>Graphics\Internal</Filter>
    </ClInclude>
    <ClInclude Include="src\Engine\Graphics\GpuBuffer.hpp">
      <Filter>Graphics</Filter>
    </ClInclude>
    <ClInclude Include="src\Engine\Graphics\Rgba.hpp">
      <Filter>Graphics</Filter>
    </ClInclude>
    <ClInclude Include="src\Engine\Graphics\Vertex.hpp">
      <Filter>Graphics</Filter>
    </ClInclude>
    <ClInclude Include="src\Engine\Graphics\Shader.hpp">
      <Filter>Graphics</Filter>
    </ClInclude>
    <ClInclude Include="src\Engine\Core\FileUtils.hpp">
      <Filter>Core</Filter>
    </ClInclude>
  </ItemGroup>
</Project>